
Microsoft Visual Studio Solution File, Format Version 12.00
# Visual Studio 15
VisualStudioVersion = 15.0.26124.0
MinimumVisualStudioVersion = 15.0.26124.0
Project("{2150E333-8FDC-42A3-9474-1A3956D46DE8}") = "src", "src", "{7CCF9E57-46D2-4237-BD14-4CA0D8C0AC56}"
EndProject
Project("{FAE04EC0-301F-11D3-BF4B-00C04F79EFBC}") = "Duracellko.GlobeTime.Services", "src\Duracellko.GlobeTime.Services\Duracellko.GlobeTime.Services.csproj", "{03CA533B-3F5E-488E-A6B1-3587FC6BAD37}"
EndProject
Project("{FAE04EC0-301F-11D3-BF4B-00C04F79EFBC}") = "Duracellko.GlobeTime.Services.Tests", "src\Duracellko.GlobeTime.Services.Tests\Duracellko.GlobeTime.Services.Tests.csproj", "{8C4C2F0E-6176-44C5-A3C1-EC1431CC2780}"
EndProject
Global
	GlobalSection(SolutionConfigurationPlatforms) = preSolution
		Debug|Any CPU = Debug|Any CPU
		Debug|x64 = Debug|x64
		Debug|x86 = Debug|x86
		Release|Any CPU = Release|Any CPU
		Release|x64 = Release|x64
		Release|x86 = Release|x86
	EndGlobalSection
	GlobalSection(SolutionProperties) = preSolution
		HideSolutionNode = FALSE
	EndGlobalSection
	GlobalSection(ProjectConfigurationPlatforms) = postSolution
		{03CA533B-3F5E-488E-A6B1-3587FC6BAD37}.Debug|Any CPU.ActiveCfg = Debug|Any CPU
		{03CA533B-3F5E-488E-A6B1-3587FC6BAD37}.Debug|Any CPU.Build.0 = Debug|Any CPU
		{03CA533B-3F5E-488E-A6B1-3587FC6BAD37}.Debug|x64.ActiveCfg = Debug|Any CPU
		{03CA533B-3F5E-488E-A6B1-3587FC6BAD37}.Debug|x64.Build.0 = Debug|Any CPU
		{03CA533B-3F5E-488E-A6B1-3587FC6BAD37}.Debug|x86.ActiveCfg = Debug|Any CPU
		{03CA533B-3F5E-488E-A6B1-3587FC6BAD37}.Debug|x86.Build.0 = Debug|Any CPU
		{03CA533B-3F5E-488E-A6B1-3587FC6BAD37}.Release|Any CPU.ActiveCfg = Release|Any CPU
		{03CA533B-3F5E-488E-A6B1-3587FC6BAD37}.Release|Any CPU.Build.0 = Release|Any CPU
		{03CA533B-3F5E-488E-A6B1-3587FC6BAD37}.Release|x64.ActiveCfg = Release|Any CPU
		{03CA533B-3F5E-488E-A6B1-3587FC6BAD37}.Release|x64.Build.0 = Release|Any CPU
		{03CA533B-3F5E-488E-A6B1-3587FC6BAD37}.Release|x86.ActiveCfg = Release|Any CPU
		{03CA533B-3F5E-488E-A6B1-3587FC6BAD37}.Release|x86.Build.0 = Release|Any CPU
		{8C4C2F0E-6176-44C5-A3C1-EC1431CC2780}.Debug|Any CPU.ActiveCfg = Debug|Any CPU
		{8C4C2F0E-6176-44C5-A3C1-EC1431CC2780}.Debug|Any CPU.Build.0 = Debug|Any CPU
		{8C4C2F0E-6176-44C5-A3C1-EC1431CC2780}.Debug|x64.ActiveCfg = Debug|Any CPU
		{8C4C2F0E-6176-44C5-A3C1-EC1431CC2780}.Debug|x64.Build.0 = Debug|Any CPU
		{8C4C2F0E-6176-44C5-A3C1-EC1431CC2780}.Debug|x86.ActiveCfg = Debug|Any CPU
		{8C4C2F0E-6176-44C5-A3C1-EC1431CC2780}.Debug|x86.Build.0 = Debug|Any CPU
		{8C4C2F0E-6176-44C5-A3C1-EC1431CC2780}.Release|Any CPU.ActiveCfg = Release|Any CPU
		{8C4C2F0E-6176-44C5-A3C1-EC1431CC2780}.Release|Any CPU.Build.0 = Release|Any CPU
		{8C4C2F0E-6176-44C5-A3C1-EC1431CC2780}.Release|x64.ActiveCfg = Release|Any CPU
		{8C4C2F0E-6176-44C5-A3C1-EC1431CC2780}.Release|x64.Build.0 = Release|Any CPU
		{8C4C2F0E-6176-44C5-A3C1-EC1431CC2780}.Release|x86.ActiveCfg = Release|Any CPU
		{8C4C2F0E-6176-44C5-A3C1-EC1431CC2780}.Release|x86.Build.0 = Release|Any CPU
	EndGlobalSection
	GlobalSection(NestedProjects) = preSolution
		{03CA533B-3F5E-488E-A6B1-3587FC6BAD37} = {7CCF9E57-46D2-4237-BD14-4CA0D8C0AC56}
		{8C4C2F0E-6176-44C5-A3C1-EC1431CC2780} = {7CCF9E57-46D2-4237-BD14-4CA0D8C0AC56}
	EndGlobalSection
EndGlobal
